
Microsoft Visual Studio Solution File, Format Version 12.00
# Visual Studio Version 16
VisualStudioVersion = 16.0.30907.101
MinimumVisualStudioVersion = 10.0.40219.1
Project("{FAE04EC0-301F-11D3-BF4B-00C04F79EFBC}") = "Teyser-Gestor", "Teyser-Gestor\Teyser-Gestor.csproj", "{24060194-813D-4809-A82F-DBF93B015D79}"
EndProject
Global
	GlobalSection(SolutionConfigurationPlatforms) = preSolution
		Debug|Any CPU = Debug|Any CPU
		Release|Any CPU = Release|Any CPU
	EndGlobalSection
	GlobalSection(ProjectConfigurationPlatforms) = postSolution
		{24060194-813D-4809-A82F-DBF93B015D79}.Debug|Any CPU.ActiveCfg = Debug|Any CPU
		{24060194-813D-4809-A82F-DBF93B015D79}.Debug|Any CPU.Build.0 = Debug|Any CPU
		{24060194-813D-4809-A82F-DBF93B015D79}.Release|Any CPU.ActiveCfg = Release|Any CPU
		{24060194-813D-4809-A82F-DBF93B015D79}.Release|Any CPU.Build.0 = Release|Any CPU
	EndGlobalSection
	GlobalSection(SolutionProperties) = preSolution
		HideSolutionNode = FALSE
	EndGlobalSection
	GlobalSection(ExtensibilityGlobals) = postSolution
		SolutionGuid = {CDE024D2-43FC-49FA-BB35-445C8B0DD0EB}
	EndGlobalSection
EndGlobal
